# Generated by buf. DO NOT EDIT.
version: v2
deps:
  - name: buf.build/mcpkit/protogen
    commit: a364674a03bc4c4e9cf12d50168ff284
    digest: b5:cee4b088d63f4778be8d438dd3c4d49cc90db6c53971116076c3bc5af974b8792d041435d5602c16e130f0ad9fcf44680a0521bd3a77a372a137b75b417502e1
  - name: buf.build/protocolbuffers/wellknowntypes
    commit: 122a3d2fdc814e0bb6fcf821bcce7957
    digest: b5:1aafdaf51329062dcc57ee613e59e15e5529e994634599ff467501e4d6c670af04eaa4bee3f3da5db64518b3117c34865896eb9b096a15a81051ab82c34e7e95
